// !$*UTF8*$!
{
	archiveVersion = 1;
	classes = {
	};
	objectVersion = 50;
	objects = {

/* Begin PBXBuildFile section */
		1BECE21FB09AD694F16FEADD /* Pods_WeatherCleanArchi.framework in Frameworks */ = {isa = PBXBuildFile; fileRef = 2D85E3F6BA1F4D15E3333E5A /* Pods_WeatherCleanArchi.framework */; };
		28A38BD1218DF80B00AE9B63 /* AppDelegate.swift in Sources */ = {isa = PBXBuildFile; fileRef = 28A38BD0218DF80B00AE9B63 /* AppDelegate.swift */; };
		28A38BD8218DF80E00AE9B63 /* Assets.xcassets in Resources */ = {isa = PBXBuildFile; fileRef = 28A38BD7218DF80E00AE9B63 /* Assets.xcassets */; };
		28A38BDB218DF80E00AE9B63 /* LaunchScreen.storyboard in Resources */ = {isa = PBXBuildFile; fileRef = 28A38BD9218DF80E00AE9B63 /* LaunchScreen.storyboard */; };
		28A38BE6218DF80E00AE9B63 /* WeatherCleanArchiTests.swift in Sources */ = {isa = PBXBuildFile; fileRef = 28A38BE5218DF80E00AE9B63 /* WeatherCleanArchiTests.swift */; };
		28A38BF3218DFC3000AE9B63 /* Localizable.strings in Resources */ = {isa = PBXBuildFile; fileRef = 28A38BF5218DFC3000AE9B63 /* Localizable.strings */; };
		28A38BFB218DFDEB00AE9B63 /* Storyboard.swift in Sources */ = {isa = PBXBuildFile; fileRef = 28A38BF9218DFDEB00AE9B63 /* Storyboard.swift */; };
		28A38BFC218DFDEB00AE9B63 /* LocalizableStrings.swift in Sources */ = {isa = PBXBuildFile; fileRef = 28A38BFA218DFDEB00AE9B63 /* LocalizableStrings.swift */; };
		28A38C02218E01B600AE9B63 /* WeatherList.storyboard in Resources */ = {isa = PBXBuildFile; fileRef = 28A38C01218E01B600AE9B63 /* WeatherList.storyboard */; };
		28A38C04218E01D500AE9B63 /* WeatherListViewController.swift in Sources */ = {isa = PBXBuildFile; fileRef = 28A38C03218E01D500AE9B63 /* WeatherListViewController.swift */; };
		28A38C06218E023700AE9B63 /* AppRouter.swift in Sources */ = {isa = PBXBuildFile; fileRef = 28A38C05218E023700AE9B63 /* AppRouter.swift */; };
		28A38C0A218E04E100AE9B63 /* WeatherListPresenter.swift in Sources */ = {isa = PBXBuildFile; fileRef = 28A38C09218E04E100AE9B63 /* WeatherListPresenter.swift */; };
		28A38C0C218E04EA00AE9B63 /* WeatherListPresenterInput.swift in Sources */ = {isa = PBXBuildFile; fileRef = 28A38C0B218E04EA00AE9B63 /* WeatherListPresenterInput.swift */; };
		28A38C0E218E04F500AE9B63 /* WeatherListPresenterOutput.swift in Sources */ = {isa = PBXBuildFile; fileRef = 28A38C0D218E04F500AE9B63 /* WeatherListPresenterOutput.swift */; };
		28A38C11218E05CC00AE9B63 /* WeatherListInteractorInput.swift in Sources */ = {isa = PBXBuildFile; fileRef = 28A38C10218E05CC00AE9B63 /* WeatherListInteractorInput.swift */; };
		28A38C14218E05DE00AE9B63 /* WeatherListInteractor.swift in Sources */ = {isa = PBXBuildFile; fileRef = 28A38C13218E05DE00AE9B63 /* WeatherListInteractor.swift */; };
		28A38C16218E05E500AE9B63 /* WeatherListInteractorOutput.swift in Sources */ = {isa = PBXBuildFile; fileRef = 28A38C15218E05E500AE9B63 /* WeatherListInteractorOutput.swift */; };
		28A38C1A218E087D00AE9B63 /* Presenter.swift in Sources */ = {isa = PBXBuildFile; fileRef = 28A38C19218E087D00AE9B63 /* Presenter.swift */; };
		28A38C1D218E08AD00AE9B63 /* VoidFunction.swift in Sources */ = {isa = PBXBuildFile; fileRef = 28A38C1C218E08AD00AE9B63 /* VoidFunction.swift */; };
		28A38C1F218E08D900AE9B63 /* DispatchQueue+Background.swift in Sources */ = {isa = PBXBuildFile; fileRef = 28A38C1E218E08D900AE9B63 /* DispatchQueue+Background.swift */; };
		28A38C23218E0C9000AE9B63 /* WeatherAPI.swift in Sources */ = {isa = PBXBuildFile; fileRef = 28A38C22218E0C9000AE9B63 /* WeatherAPI.swift */; };
		28A38C25218E0EB800AE9B63 /* WeatherRepository.swift in Sources */ = {isa = PBXBuildFile; fileRef = 28A38C24218E0EB800AE9B63 /* WeatherRepository.swift */; };
		28A38C27218E104800AE9B63 /* WeatherRepositoryInput.swift in Sources */ = {isa = PBXBuildFile; fileRef = 28A38C26218E104800AE9B63 /* WeatherRepositoryInput.swift */; };
		28A38C2D218E10FE00AE9B63 /* Forecast.swift in Sources */ = {isa = PBXBuildFile; fileRef = 28A38C2C218E10FE00AE9B63 /* Forecast.swift */; };
		28A38C2F218E11F100AE9B63 /* ForecastEntity.swift in Sources */ = {isa = PBXBuildFile; fileRef = 28A38C2E218E11F100AE9B63 /* ForecastEntity.swift */; };
		28A38C31218E169B00AE9B63 /* TemperatureEntity.swift in Sources */ = {isa = PBXBuildFile; fileRef = 28A38C30218E169B00AE9B63 /* TemperatureEntity.swift */; };
		28A38C33218E190B00AE9B63 /* WeatherEntity.swift in Sources */ = {isa = PBXBuildFile; fileRef = 28A38C32218E190B00AE9B63 /* WeatherEntity.swift */; };
		93B594849CE43031513302ED /* Pods_WeatherCleanArchiTests.framework in Frameworks */ = {isa = PBXBuildFile; fileRef = EB526534C3AA4417254AA8F0 /* Pods_WeatherCleanArchiTests.framework */; };
/* End PBXBuildFile section */

/* Begin PBXContainerItemProxy section */
		28A38BE2218DF80E00AE9B63 /* PBXContainerItemProxy */ = {
			isa = PBXContainerItemProxy;
			containerPortal = 28A38BC5218DF80B00AE9B63 /* Project object */;
			proxyType = 1;
			remoteGlobalIDString = 28A38BCC218DF80B00AE9B63;
			remoteInfo = WeatherCleanArchi;
		};
/* End PBXContainerItemProxy section */

/* Begin PBXFileReference section */
		137200726C384BA954B07B3E /* Pods-WeatherCleanArchi.debug.xcconfig */ = {isa = PBXFileReference; includeInIndex = 1; lastKnownFileType = text.xcconfig; name = "Pods-WeatherCleanArchi.debug.xcconfig"; path = "Pods/Target Support Files/Pods-WeatherCleanArchi/Pods-WeatherCleanArchi.debug.xcconfig"; sourceTree = "<group>"; };
		28A38BCD218DF80B00AE9B63 /* WeatherCleanArchi.app */ = {isa = PBXFileReference; explicitFileType = wrapper.application; includeInIndex = 0; path = WeatherCleanArchi.app; sourceTree = BUILT_PRODUCTS_DIR; };
		28A38BD0218DF80B00AE9B63 /* AppDelegate.swift */ = {isa = PBXFileReference; lastKnownFileType = sourcecode.swift; path = AppDelegate.swift; sourceTree = "<group>"; };
		28A38BD7218DF80E00AE9B63 /* Assets.xcassets */ = {isa = PBXFileReference; lastKnownFileType = folder.assetcatalog; path = Assets.xcassets; sourceTree = "<group>"; };
		28A38BDA218DF80E00AE9B63 /* Base */ = {isa = PBXFileReference; lastKnownFileType = file.storyboard; name = Base; path = Base.lproj/LaunchScreen.storyboard; sourceTree = "<group>"; };
		28A38BDC218DF80E00AE9B63 /* Info.plist */ = {isa = PBXFileReference; lastKnownFileType = text.plist.xml; path = Info.plist; sourceTree = "<group>"; };
		28A38BE1218DF80E00AE9B63 /* WeatherCleanArchiTests.xctest */ = {isa = PBXFileReference; explicitFileType = wrapper.cfbundle; includeInIndex = 0; path = WeatherCleanArchiTests.xctest; sourceTree = BUILT_PRODUCTS_DIR; };
		28A38BE5218DF80E00AE9B63 /* WeatherCleanArchiTests.swift */ = {isa = PBXFileReference; lastKnownFileType = sourcecode.swift; path = WeatherCleanArchiTests.swift; sourceTree = "<group>"; };
		28A38BE7218DF80E00AE9B63 /* Info.plist */ = {isa = PBXFileReference; lastKnownFileType = text.plist.xml; path = Info.plist; sourceTree = "<group>"; };
		28A38BF4218DFC3000AE9B63 /* en */ = {isa = PBXFileReference; lastKnownFileType = text.plist.strings; name = en; path = en.lproj/Localizable.strings; sourceTree = "<group>"; };
		28A38BF6218DFC3E00AE9B63 /* fr */ = {isa = PBXFileReference; lastKnownFileType = text.plist.strings; name = fr; path = fr.lproj/Localizable.strings; sourceTree = "<group>"; };
		28A38BF9218DFDEB00AE9B63 /* Storyboard.swift */ = {isa = PBXFileReference; fileEncoding = 4; lastKnownFileType = sourcecode.swift; path = Storyboard.swift; sourceTree = "<group>"; };
		28A38BFA218DFDEB00AE9B63 /* LocalizableStrings.swift */ = {isa = PBXFileReference; fileEncoding = 4; lastKnownFileType = sourcecode.swift; path = LocalizableStrings.swift; sourceTree = "<group>"; };
		28A38C01218E01B600AE9B63 /* WeatherList.storyboard */ = {isa = PBXFileReference; lastKnownFileType = file.storyboard; path = WeatherList.storyboard; sourceTree = "<group>"; };
		28A38C03218E01D500AE9B63 /* WeatherListViewController.swift */ = {isa = PBXFileReference; lastKnownFileType = sourcecode.swift; path = WeatherListViewController.swift; sourceTree = "<group>"; };
		28A38C05218E023700AE9B63 /* AppRouter.swift */ = {isa = PBXFileReference; lastKnownFileType = sourcecode.swift; path = AppRouter.swift; sourceTree = "<group>"; };
		28A38C09218E04E100AE9B63 /* WeatherListPresenter.swift */ = {isa = PBXFileReference; lastKnownFileType = sourcecode.swift; path = WeatherListPresenter.swift; sourceTree = "<group>"; };
		28A38C0B218E04EA00AE9B63 /* WeatherListPresenterInput.swift */ = {isa = PBXFileReference; lastKnownFileType = sourcecode.swift; path = WeatherListPresenterInput.swift; sourceTree = "<group>"; };
		28A38C0D218E04F500AE9B63 /* WeatherListPresenterOutput.swift */ = {isa = PBXFileReference; lastKnownFileType = sourcecode.swift; path = WeatherListPresenterOutput.swift; sourceTree = "<group>"; };
		28A38C10218E05CC00AE9B63 /* WeatherListInteractorInput.swift */ = {isa = PBXFileReference; lastKnownFileType = sourcecode.swift; path = WeatherListInteractorInput.swift; sourceTree = "<group>"; };
		28A38C13218E05DE00AE9B63 /* WeatherListInteractor.swift */ = {isa = PBXFileReference; lastKnownFileType = sourcecode.swift; path = WeatherListInteractor.swift; sourceTree = "<group>"; };
		28A38C15218E05E500AE9B63 /* WeatherListInteractorOutput.swift */ = {isa = PBXFileReference; lastKnownFileType = sourcecode.swift; path = WeatherListInteractorOutput.swift; sourceTree = "<group>"; };
		28A38C19218E087D00AE9B63 /* Presenter.swift */ = {isa = PBXFileReference; lastKnownFileType = sourcecode.swift; path = Presenter.swift; sourceTree = "<group>"; };
		28A38C1C218E08AD00AE9B63 /* VoidFunction.swift */ = {isa = PBXFileReference; lastKnownFileType = sourcecode.swift; path = VoidFunction.swift; sourceTree = "<group>"; };
		28A38C1E218E08D900AE9B63 /* DispatchQueue+Background.swift */ = {isa = PBXFileReference; lastKnownFileType = sourcecode.swift; path = "DispatchQueue+Background.swift"; sourceTree = "<group>"; };
		28A38C22218E0C9000AE9B63 /* WeatherAPI.swift */ = {isa = PBXFileReference; lastKnownFileType = sourcecode.swift; path = WeatherAPI.swift; sourceTree = "<group>"; };
		28A38C24218E0EB800AE9B63 /* WeatherRepository.swift */ = {isa = PBXFileReference; lastKnownFileType = sourcecode.swift; path = WeatherRepository.swift; sourceTree = "<group>"; };
		28A38C26218E104800AE9B63 /* WeatherRepositoryInput.swift */ = {isa = PBXFileReference; lastKnownFileType = sourcecode.swift; path = WeatherRepositoryInput.swift; sourceTree = "<group>"; };
		28A38C2C218E10FE00AE9B63 /* Forecast.swift */ = {isa = PBXFileReference; lastKnownFileType = sourcecode.swift; path = Forecast.swift; sourceTree = "<group>"; };
		28A38C2E218E11F100AE9B63 /* ForecastEntity.swift */ = {isa = PBXFileReference; lastKnownFileType = sourcecode.swift; path = ForecastEntity.swift; sourceTree = "<group>"; };
		28A38C30218E169B00AE9B63 /* TemperatureEntity.swift */ = {isa = PBXFileReference; lastKnownFileType = sourcecode.swift; path = TemperatureEntity.swift; sourceTree = "<group>"; };
		28A38C32218E190B00AE9B63 /* WeatherEntity.swift */ = {isa = PBXFileReference; lastKnownFileType = sourcecode.swift; path = WeatherEntity.swift; sourceTree = "<group>"; };
		2D85E3F6BA1F4D15E3333E5A /* Pods_WeatherCleanArchi.framework */ = {isa = PBXFileReference; explicitFileType = wrapper.framework; includeInIndex = 0; path = Pods_WeatherCleanArchi.framework; sourceTree = BUILT_PRODUCTS_DIR; };
		5B0FC44C88F064B2B9926E5F /* Pods-WeatherCleanArchi.release.xcconfig */ = {isa = PBXFileReference; includeInIndex = 1; lastKnownFileType = text.xcconfig; name = "Pods-WeatherCleanArchi.release.xcconfig"; path = "Pods/Target Support Files/Pods-WeatherCleanArchi/Pods-WeatherCleanArchi.release.xcconfig"; sourceTree = "<group>"; };
		6A75A3AA99DFF141C33A5C55 /* Pods-WeatherCleanArchiTests.release.xcconfig */ = {isa = PBXFileReference; includeInIndex = 1; lastKnownFileType = text.xcconfig; name = "Pods-WeatherCleanArchiTests.release.xcconfig"; path = "Pods/Target Support Files/Pods-WeatherCleanArchiTests/Pods-WeatherCleanArchiTests.release.xcconfig"; sourceTree = "<group>"; };
		887852C36DE87981B9EC6134 /* Pods-WeatherCleanArchiTests.debug.xcconfig */ = {isa = PBXFileReference; includeInIndex = 1; lastKnownFileType = text.xcconfig; name = "Pods-WeatherCleanArchiTests.debug.xcconfig"; path = "Pods/Target Support Files/Pods-WeatherCleanArchiTests/Pods-WeatherCleanArchiTests.debug.xcconfig"; sourceTree = "<group>"; };
		EB526534C3AA4417254AA8F0 /* Pods_WeatherCleanArchiTests.framework */ = {isa = PBXFileReference; explicitFileType = wrapper.framework; includeInIndex = 0; path = Pods_WeatherCleanArchiTests.framework; sourceTree = BUILT_PRODUCTS_DIR; };
/* End PBXFileReference section */

/* Begin PBXFrameworksBuildPhase section */
		28A38BCA218DF80B00AE9B63 /* Frameworks */ = {
			isa = PBXFrameworksBuildPhase;
			buildActionMask = 2147483647;
			files = (
				1BECE21FB09AD694F16FEADD /* Pods_WeatherCleanArchi.framework in Frameworks */,
			);
			runOnlyForDeploymentPostprocessing = 0;
		};
		28A38BDE218DF80E00AE9B63 /* Frameworks */ = {
			isa = PBXFrameworksBuildPhase;
			buildActionMask = 2147483647;
			files = (
				93B594849CE43031513302ED /* Pods_WeatherCleanArchiTests.framework in Frameworks */,
			);
			runOnlyForDeploymentPostprocessing = 0;
		};
/* End PBXFrameworksBuildPhase section */

/* Begin PBXGroup section */
		207C4310919A23D78D5C3353 /* Frameworks */ = {
			isa = PBXGroup;
			children = (
				2D85E3F6BA1F4D15E3333E5A /* Pods_WeatherCleanArchi.framework */,
				EB526534C3AA4417254AA8F0 /* Pods_WeatherCleanArchiTests.framework */,
			);
			name = Frameworks;
			sourceTree = "<group>";
		};
		28A38BC4218DF80B00AE9B63 = {
			isa = PBXGroup;
			children = (
				28A38BCF218DF80B00AE9B63 /* WeatherCleanArchi */,
				28A38BE4218DF80E00AE9B63 /* WeatherCleanArchiTests */,
				28A38BCE218DF80B00AE9B63 /* Products */,
				66C17BE0B3A946D24317CA12 /* Pods */,
				207C4310919A23D78D5C3353 /* Frameworks */,
			);
			sourceTree = "<group>";
		};
		28A38BCE218DF80B00AE9B63 /* Products */ = {
			isa = PBXGroup;
			children = (
				28A38BCD218DF80B00AE9B63 /* WeatherCleanArchi.app */,
				28A38BE1218DF80E00AE9B63 /* WeatherCleanArchiTests.xctest */,
			);
			name = Products;
			sourceTree = "<group>";
		};
		28A38BCF218DF80B00AE9B63 /* WeatherCleanArchi */ = {
			isa = PBXGroup;
			children = (
				28A38BD0218DF80B00AE9B63 /* AppDelegate.swift */,
				28A38C17218E085F00AE9B63 /* Common */,
				28A38BFE218E016E00AE9B63 /* Core */,
				28A38BF8218DFDC000AE9B63 /* Generated */,
				28A38BFF218E017300AE9B63 /* Modules */,
				28A38BF0218DFBC000AE9B63 /* Resources */,
				28A38BFD218E016700AE9B63 /* Router */,
			);
			path = WeatherCleanArchi;
			sourceTree = "<group>";
		};
		28A38BE4218DF80E00AE9B63 /* WeatherCleanArchiTests */ = {
			isa = PBXGroup;
			children = (
				28A38BE5218DF80E00AE9B63 /* WeatherCleanArchiTests.swift */,
				28A38BE7218DF80E00AE9B63 /* Info.plist */,
			);
			path = WeatherCleanArchiTests;
			sourceTree = "<group>";
		};
		28A38BF0218DFBC000AE9B63 /* Resources */ = {
			isa = PBXGroup;
			children = (
				28A38BD9218DF80E00AE9B63 /* LaunchScreen.storyboard */,
				28A38BD7218DF80E00AE9B63 /* Assets.xcassets */,
				28A38BDC218DF80E00AE9B63 /* Info.plist */,
				28A38BF5218DFC3000AE9B63 /* Localizable.strings */,
			);
			path = Resources;
			sourceTree = "<group>";
		};
		28A38BF8218DFDC000AE9B63 /* Generated */ = {
			isa = PBXGroup;
			children = (
				28A38BFA218DFDEB00AE9B63 /* LocalizableStrings.swift */,
				28A38BF9218DFDEB00AE9B63 /* Storyboard.swift */,
			);
			path = Generated;
			sourceTree = "<group>";
		};
		28A38BFD218E016700AE9B63 /* Router */ = {
			isa = PBXGroup;
			children = (
				28A38C05218E023700AE9B63 /* AppRouter.swift */,
			);
			path = Router;
			sourceTree = "<group>";
		};
		28A38BFE218E016E00AE9B63 /* Core */ = {
			isa = PBXGroup;
			children = (
				28A38C2B218E10F200AE9B63 /* Models */,
				28A38C0F218E054900AE9B63 /* Interactors */,
				28A38C21218E0C6300AE9B63 /* Repositories */,
				28A38C20218E0BF600AE9B63 /* ServicesAPI */,
			);
			path = Core;
			sourceTree = "<group>";
		};
		28A38BFF218E017300AE9B63 /* Modules */ = {
			isa = PBXGroup;
			children = (
				28A38C00218E019700AE9B63 /* WeatherList */,
			);
			path = Modules;
			sourceTree = "<group>";
		};
		28A38C00218E019700AE9B63 /* WeatherList */ = {
			isa = PBXGroup;
			children = (
				28A38C07218E04C100AE9B63 /* Presenter */,
				28A38C08218E04CB00AE9B63 /* View */,
			);
			path = WeatherList;
			sourceTree = "<group>";
		};
		28A38C07218E04C100AE9B63 /* Presenter */ = {
			isa = PBXGroup;
			children = (
				28A38C09218E04E100AE9B63 /* WeatherListPresenter.swift */,
				28A38C0B218E04EA00AE9B63 /* WeatherListPresenterInput.swift */,
				28A38C0D218E04F500AE9B63 /* WeatherListPresenterOutput.swift */,
			);
			path = Presenter;
			sourceTree = "<group>";
		};
		28A38C08218E04CB00AE9B63 /* View */ = {
			isa = PBXGroup;
			children = (
				28A38C01218E01B600AE9B63 /* WeatherList.storyboard */,
				28A38C03218E01D500AE9B63 /* WeatherListViewController.swift */,
			);
			path = View;
			sourceTree = "<group>";
		};
		28A38C0F218E054900AE9B63 /* Interactors */ = {
			isa = PBXGroup;
			children = (
				28A38C12218E05D000AE9B63 /* WeatherList */,
			);
			path = Interactors;
			sourceTree = "<group>";
		};
		28A38C12218E05D000AE9B63 /* WeatherList */ = {
			isa = PBXGroup;
			children = (
				28A38C13218E05DE00AE9B63 /* WeatherListInteractor.swift */,
				28A38C10218E05CC00AE9B63 /* WeatherListInteractorInput.swift */,
				28A38C15218E05E500AE9B63 /* WeatherListInteractorOutput.swift */,
			);
			path = WeatherList;
			sourceTree = "<group>";
		};
		28A38C17218E085F00AE9B63 /* Common */ = {
			isa = PBXGroup;
			children = (
				28A38C1B218E08A100AE9B63 /* Helpers */,
				28A38C18218E086F00AE9B63 /* BaseClasses */,
			);
			path = Common;
			sourceTree = "<group>";
		};
		28A38C18218E086F00AE9B63 /* BaseClasses */ = {
			isa = PBXGroup;
			children = (
				28A38C19218E087D00AE9B63 /* Presenter.swift */,
			);
			path = BaseClasses;
			sourceTree = "<group>";
		};
		28A38C1B218E08A100AE9B63 /* Helpers */ = {
			isa = PBXGroup;
			children = (
				28A38C1C218E08AD00AE9B63 /* VoidFunction.swift */,
				28A38C1E218E08D900AE9B63 /* DispatchQueue+Background.swift */,
			);
			path = Helpers;
			sourceTree = "<group>";
		};
		28A38C20218E0BF600AE9B63 /* ServicesAPI */ = {
			isa = PBXGroup;
			children = (
				28A38C22218E0C9000AE9B63 /* WeatherAPI.swift */,
			);
			path = ServicesAPI;
			sourceTree = "<group>";
		};
		28A38C21218E0C6300AE9B63 /* Repositories */ = {
			isa = PBXGroup;
			children = (
				28A38C28218E10B100AE9B63 /* Weather */,
			);
			path = Repositories;
			sourceTree = "<group>";
		};
		28A38C28218E10B100AE9B63 /* Weather */ = {
			isa = PBXGroup;
			children = (
				28A38C2A218E10CB00AE9B63 /* Entities */,
				28A38C24218E0EB800AE9B63 /* WeatherRepository.swift */,
				28A38C26218E104800AE9B63 /* WeatherRepositoryInput.swift */,
			);
			path = Weather;
			sourceTree = "<group>";
		};
		28A38C2A218E10CB00AE9B63 /* Entities */ = {
			isa = PBXGroup;
			children = (
				28A38C2E218E11F100AE9B63 /* ForecastEntity.swift */,
				28A38C30218E169B00AE9B63 /* TemperatureEntity.swift */,
				28A38C32218E190B00AE9B63 /* WeatherEntity.swift */,
			);
			path = Entities;
			sourceTree = "<group>";
		};
		28A38C2B218E10F200AE9B63 /* Models */ = {
			isa = PBXGroup;
			children = (
				28A38C2C218E10FE00AE9B63 /* Forecast.swift */,
			);
			path = Models;
			sourceTree = "<group>";
		};
		66C17BE0B3A946D24317CA12 /* Pods */ = {
			isa = PBXGroup;
			children = (
				137200726C384BA954B07B3E /* Pods-WeatherCleanArchi.debug.xcconfig */,
				5B0FC44C88F064B2B9926E5F /* Pods-WeatherCleanArchi.release.xcconfig */,
				887852C36DE87981B9EC6134 /* Pods-WeatherCleanArchiTests.debug.xcconfig */,
				6A75A3AA99DFF141C33A5C55 /* Pods-WeatherCleanArchiTests.release.xcconfig */,
			);
			name = Pods;
			sourceTree = "<group>";
		};
/* End PBXGroup section */

/* Begin PBXNativeTarget section */
		28A38BCC218DF80B00AE9B63 /* WeatherCleanArchi */ = {
			isa = PBXNativeTarget;
			buildConfigurationList = 28A38BEA218DF80E00AE9B63 /* Build configuration list for PBXNativeTarget "WeatherCleanArchi" */;
			buildPhases = (
				020F31395F7EBD2651219C56 /* [CP] Check Pods Manifest.lock */,
				28A38BF7218DFDA400AE9B63 /* SwiftGen */,
				28A38BC9218DF80B00AE9B63 /* Sources */,
				28A38BCA218DF80B00AE9B63 /* Frameworks */,
				28A38BCB218DF80B00AE9B63 /* Resources */,
				39D47E4C8C2171DE7C096D4D /* [CP] Embed Pods Frameworks */,
			);
			buildRules = (
			);
			dependencies = (
			);
			name = WeatherCleanArchi;
			productName = WeatherCleanArchi;
			productReference = 28A38BCD218DF80B00AE9B63 /* WeatherCleanArchi.app */;
			productType = "com.apple.product-type.application";
		};
		28A38BE0218DF80E00AE9B63 /* WeatherCleanArchiTests */ = {
			isa = PBXNativeTarget;
			buildConfigurationList = 28A38BED218DF80E00AE9B63 /* Build configuration list for PBXNativeTarget "WeatherCleanArchiTests" */;
			buildPhases = (
				8C3FF0FF329DE647E420DA3B /* [CP] Check Pods Manifest.lock */,
				28A38BDD218DF80E00AE9B63 /* Sources */,
				28A38BDE218DF80E00AE9B63 /* Frameworks */,
				28A38BDF218DF80E00AE9B63 /* Resources */,
			);
			buildRules = (
			);
			dependencies = (
				28A38BE3218DF80E00AE9B63 /* PBXTargetDependency */,
			);
			name = WeatherCleanArchiTests;
			productName = WeatherCleanArchiTests;
			productReference = 28A38BE1218DF80E00AE9B63 /* WeatherCleanArchiTests.xctest */;
			productType = "com.apple.product-type.bundle.unit-test";
		};
/* End PBXNativeTarget section */

/* Begin PBXProject section */
		28A38BC5218DF80B00AE9B63 /* Project object */ = {
			isa = PBXProject;
			attributes = {
				LastSwiftUpdateCheck = 1000;
				LastUpgradeCheck = 1000;
				ORGANIZATIONNAME = "Alan Flament";
				TargetAttributes = {
					28A38BCC218DF80B00AE9B63 = {
						CreatedOnToolsVersion = 10.0;
					};
					28A38BE0218DF80E00AE9B63 = {
						CreatedOnToolsVersion = 10.0;
						TestTargetID = 28A38BCC218DF80B00AE9B63;
					};
				};
			};
			buildConfigurationList = 28A38BC8218DF80B00AE9B63 /* Build configuration list for PBXProject "WeatherCleanArchi" */;
			compatibilityVersion = "Xcode 9.3";
			developmentRegion = en;
			hasScannedForEncodings = 0;
			knownRegions = (
				en,
				Base,
				fr,
			);
			mainGroup = 28A38BC4218DF80B00AE9B63;
			productRefGroup = 28A38BCE218DF80B00AE9B63 /* Products */;
			projectDirPath = "";
			projectRoot = "";
			targets = (
				28A38BCC218DF80B00AE9B63 /* WeatherCleanArchi */,
				28A38BE0218DF80E00AE9B63 /* WeatherCleanArchiTests */,
			);
		};
/* End PBXProject section */

/* Begin PBXResourcesBuildPhase section */
		28A38BCB218DF80B00AE9B63 /* Resources */ = {
			isa = PBXResourcesBuildPhase;
			buildActionMask = 2147483647;
			files = (
				28A38BF3218DFC3000AE9B63 /* Localizable.strings in Resources */,
				28A38BDB218DF80E00AE9B63 /* LaunchScreen.storyboard in Resources */,
				28A38BD8218DF80E00AE9B63 /* Assets.xcassets in Resources */,
				28A38C02218E01B600AE9B63 /* WeatherList.storyboard in Resources */,
			);
			runOnlyForDeploymentPostprocessing = 0;
		};
		28A38BDF218DF80E00AE9B63 /* Resources */ = {
			isa = PBXResourcesBuildPhase;
			buildActionMask = 2147483647;
			files = (
			);
			runOnlyForDeploymentPostprocessing = 0;
		};
/* End PBXResourcesBuildPhase section */

/* Begin PBXShellScriptBuildPhase section */
		020F31395F7EBD2651219C56 /* [CP] Check Pods Manifest.lock */ = {
			isa = PBXShellScriptBuildPhase;
			buildActionMask = 2147483647;
			files = (
			);
			inputPaths = (
				"${PODS_PODFILE_DIR_PATH}/Podfile.lock",
				"${PODS_ROOT}/Manifest.lock",
			);
			name = "[CP] Check Pods Manifest.lock";
			outputPaths = (
				"$(DERIVED_FILE_DIR)/Pods-WeatherCleanArchi-checkManifestLockResult.txt",
			);
			runOnlyForDeploymentPostprocessing = 0;
			shellPath = /bin/sh;
			shellScript = "diff \"${PODS_PODFILE_DIR_PATH}/Podfile.lock\" \"${PODS_ROOT}/Manifest.lock\" > /dev/null\nif [ $? != 0 ] ; then\n    # print error to STDERR\n    echo \"error: The sandbox is not in sync with the Podfile.lock. Run 'pod install' or update your CocoaPods installation.\" >&2\n    exit 1\nfi\n# This output is used by Xcode 'outputs' to avoid re-running this script phase.\necho \"SUCCESS\" > \"${SCRIPT_OUTPUT_FILE_0}\"\n";
			showEnvVarsInLog = 0;
		};
		28A38BF7218DFDA400AE9B63 /* SwiftGen */ = {
			isa = PBXShellScriptBuildPhase;
			buildActionMask = 2147483647;
			files = (
			);
			inputPaths = (
			);
			name = SwiftGen;
			outputPaths = (
			);
			runOnlyForDeploymentPostprocessing = 0;
			shellPath = /bin/sh;
			shellScript = "./Pods/SwiftGen/bin/swiftgen storyboards --template swift4 --output \"$SRCROOT/WeatherCleanArchi/Generated/Storyboard.swift\" \"$SRCROOT/WeatherCleanArchi\"\n./Pods/SwiftGen/bin/swiftgen strings --template structured-swift4 --output \"$SRCROOT/WeatherCleanArchi/Generated/LocalizableStrings.swift\" \"$SRCROOT/WeatherCleanArchi/Resources/en.lproj/Localizable.strings\"\n";
		};
		39D47E4C8C2171DE7C096D4D /* [CP] Embed Pods Frameworks */ = {
			isa = PBXShellScriptBuildPhase;
			buildActionMask = 2147483647;
			files = (
			);
			inputPaths = (
				"${SRCROOT}/Pods/Target Support Files/Pods-WeatherCleanArchi/Pods-WeatherCleanArchi-frameworks.sh",
				"${BUILT_PRODUCTS_DIR}/Alamofire/Alamofire.framework",
				"${BUILT_PRODUCTS_DIR}/Moya/Moya.framework",
				"${BUILT_PRODUCTS_DIR}/Result/Result.framework",
			);
			name = "[CP] Embed Pods Frameworks";
			outputPaths = (
				"${TARGET_BUILD_DIR}/${FRAMEWORKS_FOLDER_PATH}/Alamofire.framework",
				"${TARGET_BUILD_DIR}/${FRAMEWORKS_FOLDER_PATH}/Moya.framework",
				"${TARGET_BUILD_DIR}/${FRAMEWORKS_FOLDER_PATH}/Result.framework",
			);
			runOnlyForDeploymentPostprocessing = 0;
			shellPath = /bin/sh;
			shellScript = "\"${SRCROOT}/Pods/Target Support Files/Pods-WeatherCleanArchi/Pods-WeatherCleanArchi-frameworks.sh\"\n";
			showEnvVarsInLog = 0;
		};
		8C3FF0FF329DE647E420DA3B /* [CP] Check Pods Manifest.lock */ = {
			isa = PBXShellScriptBuildPhase;
			buildActionMask = 2147483647;
			files = (
			);
			inputPaths = (
				"${PODS_PODFILE_DIR_PATH}/Podfile.lock",
				"${PODS_ROOT}/Manifest.lock",
			);
			name = "[CP] Check Pods Manifest.lock";
			outputPaths = (
				"$(DERIVED_FILE_DIR)/Pods-WeatherCleanArchiTests-checkManifestLockResult.txt",
			);
			runOnlyForDeploymentPostprocessing = 0;
			shellPath = /bin/sh;
			shellScript = "diff \"${PODS_PODFILE_DIR_PATH}/Podfile.lock\" \"${PODS_ROOT}/Manifest.lock\" > /dev/null\nif [ $? != 0 ] ; then\n    # print error to STDERR\n    echo \"error: The sandbox is not in sync with the Podfile.lock. Run 'pod install' or update your CocoaPods installation.\" >&2\n    exit 1\nfi\n# This output is used by Xcode 'outputs' to avoid re-running this script phase.\necho \"SUCCESS\" > \"${SCRIPT_OUTPUT_FILE_0}\"\n";
			showEnvVarsInLog = 0;
		};
/* End PBXShellScriptBuildPhase section */

/* Begin PBXSourcesBuildPhase section */
		28A38BC9218DF80B00AE9B63 /* Sources */ = {
			isa = PBXSourcesBuildPhase;
			buildActionMask = 2147483647;
			files = (
				28A38C0E218E04F500AE9B63 /* WeatherListPresenterOutput.swift in Sources */,
				28A38C1F218E08D900AE9B63 /* DispatchQueue+Background.swift in Sources */,
				28A38C25218E0EB800AE9B63 /* WeatherRepository.swift in Sources */,
				28A38C04218E01D500AE9B63 /* WeatherListViewController.swift in Sources */,
				28A38C2D218E10FE00AE9B63 /* Forecast.swift in Sources */,
				28A38C1D218E08AD00AE9B63 /* VoidFunction.swift in Sources */,
				28A38BFB218DFDEB00AE9B63 /* Storyboard.swift in Sources */,
				28A38BD1218DF80B00AE9B63 /* AppDelegate.swift in Sources */,
				28A38C2F218E11F100AE9B63 /* ForecastEntity.swift in Sources */,
				28A38C31218E169B00AE9B63 /* TemperatureEntity.swift in Sources */,
				28A38C33218E190B00AE9B63 /* WeatherEntity.swift in Sources */,
				28A38C06218E023700AE9B63 /* AppRouter.swift in Sources */,
				28A38C16218E05E500AE9B63 /* WeatherListInteractorOutput.swift in Sources */,
				28A38C1A218E087D00AE9B63 /* Presenter.swift in Sources */,
				28A38C27218E104800AE9B63 /* WeatherRepositoryInput.swift in Sources */,
				28A38C14218E05DE00AE9B63 /* WeatherListInteractor.swift in Sources */,
				28A38C11218E05CC00AE9B63 /* WeatherListInteractorInput.swift in Sources */,
				28A38C0C218E04EA00AE9B63 /* WeatherListPresenterInput.swift in Sources */,
				28A38C23218E0C9000AE9B63 /* WeatherAPI.swift in Sources */,
				28A38BFC218DFDEB00AE9B63 /* LocalizableStrings.swift in Sources */,
				28A38C0A218E04E100AE9B63 /* WeatherListPresenter.swift in Sources */,
			);
			runOnlyForDeploymentPostprocessing = 0;
		};
		28A38BDD218DF80E00AE9B63 /* Sources */ = {
			isa = PBXSourcesBuildPhase;
			buildActionMask = 2147483647;
			files = (
				28A38BE6218DF80E00AE9B63 /* WeatherCleanArchiTests.swift in Sources */,
			);
			runOnlyForDeploymentPostprocessing = 0;
		};
/* End PBXSourcesBuildPhase section */

/* Begin PBXTargetDependency section */
		28A38BE3218DF80E00AE9B63 /* PBXTargetDependency */ = {
			isa = PBXTargetDependency;
			target = 28A38BCC218DF80B00AE9B63 /* WeatherCleanArchi */;
			targetProxy = 28A38BE2218DF80E00AE9B63 /* PBXContainerItemProxy */;
		};
/* End PBXTargetDependency section */

/* Begin PBXVariantGroup section */
		28A38BD9218DF80E00AE9B63 /* LaunchScreen.storyboard */ = {
			isa = PBXVariantGroup;
			children = (
				28A38BDA218DF80E00AE9B63 /* Base */,
			);
			name = LaunchScreen.storyboard;
			sourceTree = "<group>";
		};
		28A38BF5218DFC3000AE9B63 /* Localizable.strings */ = {
			isa = PBXVariantGroup;
			children = (
				28A38BF4218DFC3000AE9B63 /* en */,
				28A38BF6218DFC3E00AE9B63 /* fr */,
			);
			name = Localizable.strings;
			sourceTree = "<group>";
		};
/* End PBXVariantGroup section */

/* Begin XCBuildConfiguration section */
		28A38BE8218DF80E00AE9B63 /* Debug */ = {
			isa = XCBuildConfiguration;
			buildSettings = {
				ALWAYS_SEARCH_USER_PATHS = NO;
				CLANG_ANALYZER_LOCALIZABILITY_NONLOCALIZED = YES;
				CLANG_ANALYZER_NONNULL = YES;
				CLANG_ANALYZER_NUMBER_OBJECT_CONVERSION = YES_AGGRESSIVE;
				CLANG_CXX_LANGUAGE_STANDARD = "gnu++14";
				CLANG_CXX_LIBRARY = "libc++";
				CLANG_ENABLE_MODULES = YES;
				CLANG_ENABLE_OBJC_ARC = YES;
				CLANG_ENABLE_OBJC_WEAK = YES;
				CLANG_WARN_BLOCK_CAPTURE_AUTORELEASING = YES;
				CLANG_WARN_BOOL_CONVERSION = YES;
				CLANG_WARN_COMMA = YES;
				CLANG_WARN_CONSTANT_CONVERSION = YES;
				CLANG_WARN_DEPRECATED_OBJC_IMPLEMENTATIONS = YES;
				CLANG_WARN_DIRECT_OBJC_ISA_USAGE = YES_ERROR;
				CLANG_WARN_DOCUMENTATION_COMMENTS = YES;
				CLANG_WARN_EMPTY_BODY = YES;
				CLANG_WARN_ENUM_CONVERSION = YES;
				CLANG_WARN_INFINITE_RECURSION = YES;
				CLANG_WARN_INT_CONVERSION = YES;
				CLANG_WARN_NON_LITERAL_NULL_CONVERSION = YES;
				CLANG_WARN_OBJC_IMPLICIT_RETAIN_SELF = YES;
				CLANG_WARN_OBJC_LITERAL_CONVERSION = YES;
				CLANG_WARN_OBJC_ROOT_CLASS = YES_ERROR;
				CLANG_WARN_RANGE_LOOP_ANALYSIS = YES;
				CLANG_WARN_STRICT_PROTOTYPES = YES;
				CLANG_WARN_SUSPICIOUS_MOVE = YES;
				CLANG_WARN_UNGUARDED_AVAILABILITY = YES_AGGRESSIVE;
				CLANG_WARN_UNREACHABLE_CODE = YES;
				CLANG_WARN__DUPLICATE_METHOD_MATCH = YES;
				CODE_SIGN_IDENTITY = "iPhone Developer";
				COPY_PHASE_STRIP = NO;
				DEBUG_INFORMATION_FORMAT = dwarf;
				ENABLE_STRICT_OBJC_MSGSEND = YES;
				ENABLE_TESTABILITY = YES;
				GCC_C_LANGUAGE_STANDARD = gnu11;
				GCC_DYNAMIC_NO_PIC = NO;
				GCC_NO_COMMON_BLOCKS = YES;
				GCC_OPTIMIZATION_LEVEL = 0;
				GCC_PREPROCESSOR_DEFINITIONS = (
					"DEBUG=1",
					"$(inherited)",
				);
				GCC_WARN_64_TO_32_BIT_CONVERSION = YES;
				GCC_WARN_ABOUT_RETURN_TYPE = YES_ERROR;
				GCC_WARN_UNDECLARED_SELECTOR = YES;
				GCC_WARN_UNINITIALIZED_AUTOS = YES_AGGRESSIVE;
				GCC_WARN_UNUSED_FUNCTION = YES;
				GCC_WARN_UNUSED_VARIABLE = YES;
				IPHONEOS_DEPLOYMENT_TARGET = 10.0;
				MTL_ENABLE_DEBUG_INFO = INCLUDE_SOURCE;
				MTL_FAST_MATH = YES;
				ONLY_ACTIVE_ARCH = YES;
				SDKROOT = iphoneos;
				SWIFT_ACTIVE_COMPILATION_CONDITIONS = DEBUG;
				SWIFT_OPTIMIZATION_LEVEL = "-Onone";
			};
			name = Debug;
		};
		28A38BE9218DF80E00AE9B63 /* Release */ = {
			isa = XCBuildConfiguration;
			buildSettings = {
				ALWAYS_SEARCH_USER_PATHS = NO;
				CLANG_ANALYZER_LOCALIZABILITY_NONLOCALIZED = YES;
				CLANG_ANALYZER_NONNULL = YES;
				CLANG_ANALYZER_NUMBER_OBJECT_CONVERSION = YES_AGGRESSIVE;
				CLANG_CXX_LANGUAGE_STANDARD = "gnu++14";
				CLANG_CXX_LIBRARY = "libc++";
				CLANG_ENABLE_MODULES = YES;
				CLANG_ENABLE_OBJC_ARC = YES;
				CLANG_ENABLE_OBJC_WEAK = YES;
				CLANG_WARN_BLOCK_CAPTURE_AUTORELEASING = YES;
				CLANG_WARN_BOOL_CONVERSION = YES;
				CLANG_WARN_COMMA = YES;
				CLANG_WARN_CONSTANT_CONVERSION = YES;
				CLANG_WARN_DEPRECATED_OBJC_IMPLEMENTATIONS = YES;
				CLANG_WARN_DIRECT_OBJC_ISA_USAGE = YES_ERROR;
				CLANG_WARN_DOCUMENTATION_COMMENTS = YES;
				CLANG_WARN_EMPTY_BODY = YES;
				CLANG_WARN_ENUM_CONVERSION = YES;
				CLANG_WARN_INFINITE_RECURSION = YES;
				CLANG_WARN_INT_CONVERSION = YES;
				CLANG_WARN_NON_LITERAL_NULL_CONVERSION = YES;
				CLANG_WARN_OBJC_IMPLICIT_RETAIN_SELF = YES;
				CLANG_WARN_OBJC_LITERAL_CONVERSION = YES;
				CLANG_WARN_OBJC_ROOT_CLASS = YES_ERROR;
				CLANG_WARN_RANGE_LOOP_ANALYSIS = YES;
				CLANG_WARN_STRICT_PROTOTYPES = YES;
				CLANG_WARN_SUSPICIOUS_MOVE = YES;
				CLANG_WARN_UNGUARDED_AVAILABILITY = YES_AGGRESSIVE;
				CLANG_WARN_UNREACHABLE_CODE = YES;
				CLANG_WARN__DUPLICATE_METHOD_MATCH = YES;
				CODE_SIGN_IDENTITY = "iPhone Developer";
				COPY_PHASE_STRIP = NO;
				DEBUG_INFORMATION_FORMAT = "dwarf-with-dsym";
				ENABLE_NS_ASSERTIONS = NO;
				ENABLE_STRICT_OBJC_MSGSEND = YES;
				GCC_C_LANGUAGE_STANDARD = gnu11;
				GCC_NO_COMMON_BLOCKS = YES;
				GCC_WARN_64_TO_32_BIT_CONVERSION = YES;
				GCC_WARN_ABOUT_RETURN_TYPE = YES_ERROR;
				GCC_WARN_UNDECLARED_SELECTOR = YES;
				GCC_WARN_UNINITIALIZED_AUTOS = YES_AGGRESSIVE;
				GCC_WARN_UNUSED_FUNCTION = YES;
				GCC_WARN_UNUSED_VARIABLE = YES;
				IPHONEOS_DEPLOYMENT_TARGET = 10.0;
				MTL_ENABLE_DEBUG_INFO = NO;
				MTL_FAST_MATH = YES;
				SDKROOT = iphoneos;
				SWIFT_COMPILATION_MODE = wholemodule;
				SWIFT_OPTIMIZATION_LEVEL = "-O";
				VALIDATE_PRODUCT = YES;
			};
			name = Release;
		};
		28A38BEB218DF80E00AE9B63 /* Debug */ = {
			isa = XCBuildConfiguration;
			baseConfigurationReference = 137200726C384BA954B07B3E /* Pods-WeatherCleanArchi.debug.xcconfig */;
			buildSettings = {
				ASSETCATALOG_COMPILER_APPICON_NAME = AppIcon;
				CODE_SIGN_STYLE = Automatic;
				DEVELOPMENT_TEAM = 2EBS83VQN9;
				INFOPLIST_FILE = "$(SRCROOT)/WeatherCleanArchi/Resources/Info.plist";
				IPHONEOS_DEPLOYMENT_TARGET = 10.0;
				LD_RUNPATH_SEARCH_PATHS = (
					"$(inherited)",
					"@executable_path/Frameworks",
				);
				PRODUCT_BUNDLE_IDENTIFIER = com.alanflament.WeatherCleanArchi;
				PRODUCT_NAME = "$(TARGET_NAME)";
				SWIFT_VERSION = 4.2;
				TARGETED_DEVICE_FAMILY = "1,2";
			};
			name = Debug;
		};
		28A38BEC218DF80E00AE9B63 /* Release */ = {
			isa = XCBuildConfiguration;
			baseConfigurationReference = 5B0FC44C88F064B2B9926E5F /* Pods-WeatherCleanArchi.release.xcconfig */;
			buildSettings = {
				ASSETCATALOG_COMPILER_APPICON_NAME = AppIcon;
				CODE_SIGN_STYLE = Automatic;
				DEVELOPMENT_TEAM = 2EBS83VQN9;
				INFOPLIST_FILE = "$(SRCROOT)/WeatherCleanArchi/Resources/Info.plist";
				IPHONEOS_DEPLOYMENT_TARGET = 10.0;
				LD_RUNPATH_SEARCH_PATHS = (
					"$(inherited)",
					"@executable_path/Frameworks",
				);
				PRODUCT_BUNDLE_IDENTIFIER = com.alanflament.WeatherCleanArchi;
				PRODUCT_NAME = "$(TARGET_NAME)";
				SWIFT_VERSION = 4.2;
				TARGETED_DEVICE_FAMILY = "1,2";
			};
			name = Release;
		};
		28A38BEE218DF80E00AE9B63 /* Debug */ = {
			isa = XCBuildConfiguration;
			baseConfigurationReference = 887852C36DE87981B9EC6134 /* Pods-WeatherCleanArchiTests.debug.xcconfig */;
			buildSettings = {
				ALWAYS_EMBED_SWIFT_STANDARD_LIBRARIES = YES;
				BUNDLE_LOADER = "$(TEST_HOST)";
				CODE_SIGN_STYLE = Automatic;
				DEVELOPMENT_TEAM = 2EBS83VQN9;
				INFOPLIST_FILE = WeatherCleanArchiTests/Info.plist;
				LD_RUNPATH_SEARCH_PATHS = (
					"$(inherited)",
					"@executable_path/Frameworks",
					"@loader_path/Frameworks",
				);
				PRODUCT_BUNDLE_IDENTIFIER = com.alanflament.WeatherCleanArchiTests;
				PRODUCT_NAME = "$(TARGET_NAME)";
				SWIFT_VERSION = 4.2;
				TARGETED_DEVICE_FAMILY = "1,2";
				TEST_HOST = "$(BUILT_PRODUCTS_DIR)/WeatherCleanArchi.app/WeatherCleanArchi";
			};
			name = Debug;
		};
		28A38BEF218DF80E00AE9B63 /* Release */ = {
			isa = XCBuildConfiguration;
			baseConfigurationReference = 6A75A3AA99DFF141C33A5C55 /* Pods-WeatherCleanArchiTests.release.xcconfig */;
			buildSettings = {
				ALWAYS_EMBED_SWIFT_STANDARD_LIBRARIES = YES;
				BUNDLE_LOADER = "$(TEST_HOST)";
				CODE_SIGN_STYLE = Automatic;
				DEVELOPMENT_TEAM = 2EBS83VQN9;
				INFOPLIST_FILE = WeatherCleanArchiTests/Info.plist;
				LD_RUNPATH_SEARCH_PATHS = (
					"$(inherited)",
					"@executable_path/Frameworks",
					"@loader_path/Frameworks",
				);
				PRODUCT_BUNDLE_IDENTIFIER = com.alanflament.WeatherCleanArchiTests;
				PRODUCT_NAME = "$(TARGET_NAME)";
				SWIFT_VERSION = 4.2;
				TARGETED_DEVICE_FAMILY = "1,2";
				TEST_HOST = "$(BUILT_PRODUCTS_DIR)/WeatherCleanArchi.app/WeatherCleanArchi";
			};
			name = Release;
		};
/* End XCBuildConfiguration section */

/* Begin XCConfigurationList section */
		28A38BC8218DF80B00AE9B63 /* Build configuration list for PBXProject "WeatherCleanArchi" */ = {
			isa = XCConfigurationList;
			buildConfigurations = (
				28A38BE8218DF80E00AE9B63 /* Debug */,
				28A38BE9218DF80E00AE9B63 /* Release */,
			);
			defaultConfigurationIsVisible = 0;
			defaultConfigurationName = Release;
		};
		28A38BEA218DF80E00AE9B63 /* Build configuration list for PBXNativeTarget "WeatherCleanArchi" */ = {
			isa = XCConfigurationList;
			buildConfigurations = (
				28A38BEB218DF80E00AE9B63 /* Debug */,
				28A38BEC218DF80E00AE9B63 /* Release */,
			);
			defaultConfigurationIsVisible = 0;
			defaultConfigurationName = Release;
		};
		28A38BED218DF80E00AE9B63 /* Build configuration list for PBXNativeTarget "WeatherCleanArchiTests" */ = {
			isa = XCConfigurationList;
			buildConfigurations = (
				28A38BEE218DF80E00AE9B63 /* Debug */,
				28A38BEF218DF80E00AE9B63 /* Release */,
			);
			defaultConfigurationIsVisible = 0;
			defaultConfigurationName = Release;
		};
/* End XCConfigurationList section */
	};
	rootObject = 28A38BC5218DF80B00AE9B63 /* Project object */;
}
